
Microsoft Visual Studio Solution File, Format Version 12.00
# Visual Studio 15
VisualStudioVersion = 15.0.27703.2047
MinimumVisualStudioVersion = 10.0.40219.1
Project("{FAE04EC0-301F-11D3-BF4B-00C04F79EFBC}") = "TestWinform", "TestWinform\TestWinform.csproj", "{5B9A0F98-CCB9-4155-AA1A-B44CB830708B}"
EndProject
Global
	GlobalSection(SolutionConfigurationPlatforms) = preSolution
		Debug|Any CPU = Debug|Any CPU
		Release|Any CPU = Release|Any CPU
	EndGlobalSection
	GlobalSection(ProjectConfigurationPlatforms) = postSolution
		{5B9A0F98-CCB9-4155-AA1A-B44CB830708B}.Debug|Any CPU.ActiveCfg = Debug|Any CPU
		{5B9A0F98-CCB9-4155-AA1A-B44CB830708B}.Debug|Any CPU.Build.0 = Debug|Any CPU
		{5B9A0F98-CCB9-4155-AA1A-B44CB830708B}.Release|Any CPU.ActiveCfg = Release|Any CPU
		{5B9A0F98-CCB9-4155-AA1A-B44CB830708B}.Release|Any CPU.Build.0 = Release|Any CPU
	EndGlobalSection
	GlobalSection(SolutionProperties) = preSolution
		HideSolutionNode = FALSE
	EndGlobalSection
	GlobalSection(ExtensibilityGlobals) = postSolution
		SolutionGuid = {473EDFCE-8C2B-4641-A4EC-E5EC227FAA03}
	EndGlobalSection
EndGlobal
